
Microsoft Visual Studio Solution File, Format Version 12.00
# Visual Studio Version 17
VisualStudioVersion = 17.7.34031.279
MinimumVisualStudioVersion = 10.0.40219.1
Project("{FAE04EC0-301F-11D3-BF4B-00C04F79EFBC}") = "SPSApps", "SPSApps\SPSApps.csproj", "{4D4C1FDA-EF18-45CC-9F34-91B3B0EB3A95}"
EndProject
Global
	GlobalSection(SolutionConfigurationPlatforms) = preSolution
		Debug|Any CPU = Debug|Any CPU
		Release|Any CPU = Release|Any CPU
	EndGlobalSection
	GlobalSection(ProjectConfigurationPlatforms) = postSolution
		{4D4C1FDA-EF18-45CC-9F34-91B3B0EB3A95}.Debug|Any CPU.ActiveCfg = Debug|Any CPU
		{4D4C1FDA-EF18-45CC-9F34-91B3B0EB3A95}.Debug|Any CPU.Build.0 = Debug|Any CPU
		{4D4C1FDA-EF18-45CC-9F34-91B3B0EB3A95}.Release|Any CPU.ActiveCfg = Release|Any CPU
		{4D4C1FDA-EF18-45CC-9F34-91B3B0EB3A95}.Release|Any CPU.Build.0 = Release|Any CPU
	EndGlobalSection
	GlobalSection(SolutionProperties) = preSolution
		HideSolutionNode = FALSE
	EndGlobalSection
	GlobalSection(ExtensibilityGlobals) = postSolution
		SolutionGuid = {2CA84EF8-C82F-41D9-B7EF-3019EBCE1952}
	EndGlobalSection
EndGlobal
